
Microsoft Visual Studio Solution File, Format Version 12.00
# Visual Studio Version 17
VisualStudioVersion = 17.14.36414.22 d17.14
MinimumVisualStudioVersion = 10.0.40219.1
Project("{FAE04EC0-301F-11D3-BF4B-00C04F79EFBC}") = "Szyf Cezara", "Szyf Cezara\Szyf Cezara.csproj", "{D5DED68A-60FE-4470-A625-A034AB5924CE}"
EndProject
Global
	GlobalSection(SolutionConfigurationPlatforms) = preSolution
		Debug|Any CPU = Debug|Any CPU
		Release|Any CPU = Release|Any CPU
	EndGlobalSection
	GlobalSection(ProjectConfigurationPlatforms) = postSolution
		{D5DED68A-60FE-4470-A625-A034AB5924CE}.Debug|Any CPU.ActiveCfg = Debug|Any CPU
		{D5DED68A-60FE-4470-A625-A034AB5924CE}.Debug|Any CPU.Build.0 = Debug|Any CPU
		{D5DED68A-60FE-4470-A625-A034AB5924CE}.Release|Any CPU.ActiveCfg = Release|Any CPU
		{D5DED68A-60FE-4470-A625-A034AB5924CE}.Release|Any CPU.Build.0 = Release|Any CPU
	EndGlobalSection
	GlobalSection(SolutionProperties) = preSolution
		HideSolutionNode = FALSE
	EndGlobalSection
	GlobalSection(ExtensibilityGlobals) = postSolution
		SolutionGuid = {5467573A-832B-4478-81AF-6F86C2550B2D}
	EndGlobalSection
EndGlobal
