
Microsoft Visual Studio Solution File, Format Version 12.00
# Visual Studio Version 17
VisualStudioVersion = 17.14.36414.22 d17.14
MinimumVisualStudioVersion = 10.0.40219.1
Project("{FAE04EC0-301F-11D3-BF4B-00C04F79EFBC}") = "nazwa", "nazwa\nazwa.csproj", "{43D452A3-D57E-4464-BA91-D73483F38EDA}"
EndProject
Global
	GlobalSection(SolutionConfigurationPlatforms) = preSolution
		Debug|Any CPU = Debug|Any CPU
		Release|Any CPU = Release|Any CPU
	EndGlobalSection
	GlobalSection(ProjectConfigurationPlatforms) = postSolution
		{43D452A3-D57E-4464-BA91-D73483F38EDA}.Debug|Any CPU.ActiveCfg = Debug|Any CPU
		{43D452A3-D57E-4464-BA91-D73483F38EDA}.Debug|Any CPU.Build.0 = Debug|Any CPU
		{43D452A3-D57E-4464-BA91-D73483F38EDA}.Release|Any CPU.ActiveCfg = Release|Any CPU
		{43D452A3-D57E-4464-BA91-D73483F38EDA}.Release|Any CPU.Build.0 = Release|Any CPU
	EndGlobalSection
	GlobalSection(SolutionProperties) = preSolution
		HideSolutionNode = FALSE
	EndGlobalSection
	GlobalSection(ExtensibilityGlobals) = postSolution
		SolutionGuid = {9E69B3BB-D7CE-4E04-9AC2-BB11731723C0}
	EndGlobalSection
EndGlobal
