
Microsoft Visual Studio Solution File, Format Version 12.00
# Visual Studio Version 17
VisualStudioVersion = 17.14.36414.22
MinimumVisualStudioVersion = 10.0.40219.1
Project("{FAE04EC0-301F-11D3-BF4B-00C04F79EFBC}") = "Kalkulator", "Kalkulator.csproj", "{80AE4CA0-D50F-4B1C-97C0-7DEA61DF170F}"
EndProject
Global
	GlobalSection(SolutionConfigurationPlatforms) = preSolution
		Debug|Any CPU = Debug|Any CPU
		Release|Any CPU = Release|Any CPU
	EndGlobalSection
	GlobalSection(ProjectConfigurationPlatforms) = postSolution
		{80AE4CA0-D50F-4B1C-97C0-7DEA61DF170F}.Debug|Any CPU.ActiveCfg = Debug|Any CPU
		{80AE4CA0-D50F-4B1C-97C0-7DEA61DF170F}.Debug|Any CPU.Build.0 = Debug|Any CPU
		{80AE4CA0-D50F-4B1C-97C0-7DEA61DF170F}.Release|Any CPU.ActiveCfg = Release|Any CPU
		{80AE4CA0-D50F-4B1C-97C0-7DEA61DF170F}.Release|Any CPU.Build.0 = Release|Any CPU
	EndGlobalSection
	GlobalSection(SolutionProperties) = preSolution
		HideSolutionNode = FALSE
	EndGlobalSection
	GlobalSection(ExtensibilityGlobals) = postSolution
		SolutionGuid = {91FA6EAB-ABA4-48F2-8513-EB84F8C7C198}
	EndGlobalSection
EndGlobal
